// !$*UTF8*$!
{
	archiveVersion = 1;
	classes = {
	};
	objectVersion = 50;
	objects = {

/* Begin PBXBuildFile section */
		5CE1C4722624CD6F00AAAB99 /* LandmarksApp.swift in Sources */ = {isa = PBXBuildFile; fileRef = 5CE1C4712624CD6F00AAAB99 /* LandmarksApp.swift */; };
		5CE1C4742624CD6F00AAAB99 /* ContentView.swift in Sources */ = {isa = PBXBuildFile; fileRef = 5CE1C4732624CD6F00AAAB99 /* ContentView.swift */; };
		5CE1C4762624CD7000AAAB99 /* Assets.xcassets in Resources */ = {isa = PBXBuildFile; fileRef = 5CE1C4752624CD7000AAAB99 /* Assets.xcassets */; };
		5CE1C4792624CD7000AAAB99 /* Preview Assets.xcassets in Resources */ = {isa = PBXBuildFile; fileRef = 5CE1C4782624CD7000AAAB99 /* Preview Assets.xcassets */; };
		5CE1C4822624D22A00AAAB99 /* CircleImage.swift in Sources */ = {isa = PBXBuildFile; fileRef = 5CE1C4812624D22A00AAAB99 /* CircleImage.swift */; };
		5CE1C4852624D38A00AAAB99 /* MapView.swift in Sources */ = {isa = PBXBuildFile; fileRef = 5CE1C4842624D38A00AAAB99 /* MapView.swift */; };
		5CE1C4882624E1AD00AAAB99 /* Landmark.swift in Sources */ = {isa = PBXBuildFile; fileRef = 5CE1C4872624E1AD00AAAB99 /* Landmark.swift */; };
		5CE1C48E2624E31D00AAAB99 /* landmarkData.json in Resources */ = {isa = PBXBuildFile; fileRef = 5CE1C48D2624E31D00AAAB99 /* landmarkData.json */; };
		5CE1C4912624E49800AAAB99 /* ModelData.swift in Sources */ = {isa = PBXBuildFile; fileRef = 5CE1C4902624E49800AAAB99 /* ModelData.swift */; };
		5CE1C4942624E55900AAAB99 /* LandmarkRow.swift in Sources */ = {isa = PBXBuildFile; fileRef = 5CE1C4932624E55900AAAB99 /* LandmarkRow.swift */; };
		5CE1C4992624E88200AAAB99 /* LandmarkList.swift in Sources */ = {isa = PBXBuildFile; fileRef = 5CE1C4982624E88200AAAB99 /* LandmarkList.swift */; };
		5CE1C49C2624EB3600AAAB99 /* LandmarkDetail.swift in Sources */ = {isa = PBXBuildFile; fileRef = 5CE1C49B2624EB3600AAAB99 /* LandmarkDetail.swift */; };
		5CE1C49F2624F6A700AAAB99 /* FavoriteButton.swift in Sources */ = {isa = PBXBuildFile; fileRef = 5CE1C49E2624F6A700AAAB99 /* FavoriteButton.swift */; };
		5CE1C4A52625059C00AAAB99 /* HexagonParameters.swift in Sources */ = {isa = PBXBuildFile; fileRef = 5CE1C4A42625059C00AAAB99 /* HexagonParameters.swift */; };
		5CE1C4A9262506FE00AAAB99 /* BadgeBackground.swift in Sources */ = {isa = PBXBuildFile; fileRef = 5CE1C4A8262506FE00AAAB99 /* BadgeBackground.swift */; };
		5CE1C4AD262508F400AAAB99 /* BadgeSymbol.swift in Sources */ = {isa = PBXBuildFile; fileRef = 5CE1C4AC262508F400AAAB99 /* BadgeSymbol.swift */; };
		5CE1C4B026250A0D00AAAB99 /* RotatedBadgeSymbol.swift in Sources */ = {isa = PBXBuildFile; fileRef = 5CE1C4AF26250A0D00AAAB99 /* RotatedBadgeSymbol.swift */; };
		5CE1C4B326250A5D00AAAB99 /* Badge.swift in Sources */ = {isa = PBXBuildFile; fileRef = 5CE1C4B226250A5D00AAAB99 /* Badge.swift */; };
/* End PBXBuildFile section */

/* Begin PBXFileReference section */
		5CE1C46E2624CD6F00AAAB99 /* Landmarks.app */ = {isa = PBXFileReference; explicitFileType = wrapper.application; includeInIndex = 0; path = Landmarks.app; sourceTree = BUILT_PRODUCTS_DIR; };
		5CE1C4712624CD6F00AAAB99 /* LandmarksApp.swift */ = {isa = PBXFileReference; lastKnownFileType = sourcecode.swift; path = LandmarksApp.swift; sourceTree = "<group>"; };
		5CE1C4732624CD6F00AAAB99 /* ContentView.swift */ = {isa = PBXFileReference; lastKnownFileType = sourcecode.swift; path = ContentView.swift; sourceTree = "<group>"; };
		5CE1C4752624CD7000AAAB99 /* Assets.xcassets */ = {isa = PBXFileReference; lastKnownFileType = folder.assetcatalog; path = Assets.xcassets; sourceTree = "<group>"; };
		5CE1C4782624CD7000AAAB99 /* Preview Assets.xcassets */ = {isa = PBXFileReference; lastKnownFileType = folder.assetcatalog; path = "Preview Assets.xcassets"; sourceTree = "<group>"; };
		5CE1C47A2624CD7000AAAB99 /* Info.plist */ = {isa = PBXFileReference; lastKnownFileType = text.plist.xml; path = Info.plist; sourceTree = "<group>"; };
		5CE1C4812624D22A00AAAB99 /* CircleImage.swift */ = {isa = PBXFileReference; lastKnownFileType = sourcecode.swift; path = CircleImage.swift; sourceTree = "<group>"; };
		5CE1C4842624D38A00AAAB99 /* MapView.swift */ = {isa = PBXFileReference; lastKnownFileType = sourcecode.swift; path = MapView.swift; sourceTree = "<group>"; };
		5CE1C4872624E1AD00AAAB99 /* Landmark.swift */ = {isa = PBXFileReference; lastKnownFileType = sourcecode.swift; path = Landmark.swift; sourceTree = "<group>"; };
		5CE1C48D2624E31D00AAAB99 /* landmarkData.json */ = {isa = PBXFileReference; fileEncoding = 4; lastKnownFileType = text.json; path = landmarkData.json; sourceTree = "<group>"; };
		5CE1C4902624E49800AAAB99 /* ModelData.swift */ = {isa = PBXFileReference; lastKnownFileType = sourcecode.swift; path = ModelData.swift; sourceTree = "<group>"; };
		5CE1C4932624E55900AAAB99 /* LandmarkRow.swift */ = {isa = PBXFileReference; lastKnownFileType = sourcecode.swift; path = LandmarkRow.swift; sourceTree = "<group>"; };
		5CE1C4982624E88200AAAB99 /* LandmarkList.swift */ = {isa = PBXFileReference; lastKnownFileType = sourcecode.swift; path = LandmarkList.swift; sourceTree = "<group>"; };
		5CE1C49B2624EB3600AAAB99 /* LandmarkDetail.swift */ = {isa = PBXFileReference; lastKnownFileType = sourcecode.swift; path = LandmarkDetail.swift; sourceTree = "<group>"; };
		5CE1C49E2624F6A700AAAB99 /* FavoriteButton.swift */ = {isa = PBXFileReference; lastKnownFileType = sourcecode.swift; path = FavoriteButton.swift; sourceTree = "<group>"; };
		5CE1C4A42625059C00AAAB99 /* HexagonParameters.swift */ = {isa = PBXFileReference; lastKnownFileType = sourcecode.swift; path = HexagonParameters.swift; sourceTree = "<group>"; };
		5CE1C4A8262506FE00AAAB99 /* BadgeBackground.swift */ = {isa = PBXFileReference; lastKnownFileType = sourcecode.swift; path = BadgeBackground.swift; sourceTree = "<group>"; };
		5CE1C4AC262508F400AAAB99 /* BadgeSymbol.swift */ = {isa = PBXFileReference; lastKnownFileType = sourcecode.swift; path = BadgeSymbol.swift; sourceTree = "<group>"; };
		5CE1C4AF26250A0D00AAAB99 /* RotatedBadgeSymbol.swift */ = {isa = PBXFileReference; lastKnownFileType = sourcecode.swift; path = RotatedBadgeSymbol.swift; sourceTree = "<group>"; };
		5CE1C4B226250A5D00AAAB99 /* Badge.swift */ = {isa = PBXFileReference; lastKnownFileType = sourcecode.swift; path = Badge.swift; sourceTree = "<group>"; };
/* End PBXFileReference section */

/* Begin PBXFrameworksBuildPhase section */
		5CE1C46B2624CD6F00AAAB99 /* Frameworks */ = {
			isa = PBXFrameworksBuildPhase;
			buildActionMask = 2147483647;
			files = (
			);
			runOnlyForDeploymentPostprocessing = 0;
		};
/* End PBXFrameworksBuildPhase section */

/* Begin PBXGroup section */
		5CE1C4652624CD6F00AAAB99 = {
			isa = PBXGroup;
			children = (
				5CE1C4702624CD6F00AAAB99 /* Landmarks */,
				5CE1C46F2624CD6F00AAAB99 /* Products */,
			);
			sourceTree = "<group>";
		};
		5CE1C46F2624CD6F00AAAB99 /* Products */ = {
			isa = PBXGroup;
			children = (
				5CE1C46E2624CD6F00AAAB99 /* Landmarks.app */,
			);
			name = Products;
			sourceTree = "<group>";
		};
		5CE1C4702624CD6F00AAAB99 /* Landmarks */ = {
			isa = PBXGroup;
			children = (
				5CE1C4712624CD6F00AAAB99 /* LandmarksApp.swift */,
				5CE1C4A7262505CA00AAAB99 /* Badges */,
				5CE1C4A22624F71400AAAB99 /* Helpers */,
				5CE1C4A12624F70A00AAAB99 /* Landmarks */,
				5CE1C48C2624E2B200AAAB99 /* Resources */,
				5CE1C48A2624E26800AAAB99 /* Views */,
				5CE1C48B2624E29700AAAB99 /* Model */,
				5CE1C4752624CD7000AAAB99 /* Assets.xcassets */,
				5CE1C47A2624CD7000AAAB99 /* Info.plist */,
				5CE1C4772624CD7000AAAB99 /* Preview Content */,
			);
			path = Landmarks;
			sourceTree = "<group>";
		};
		5CE1C4772624CD7000AAAB99 /* Preview Content */ = {
			isa = PBXGroup;
			children = (
				5CE1C4782624CD7000AAAB99 /* Preview Assets.xcassets */,
			);
			path = "Preview Content";
			sourceTree = "<group>";
		};
		5CE1C48A2624E26800AAAB99 /* Views */ = {
			isa = PBXGroup;
			children = (
				5CE1C4732624CD6F00AAAB99 /* ContentView.swift */,
			);
			path = Views;
			sourceTree = "<group>";
		};
		5CE1C48B2624E29700AAAB99 /* Model */ = {
			isa = PBXGroup;
			children = (
				5CE1C4872624E1AD00AAAB99 /* Landmark.swift */,
				5CE1C4902624E49800AAAB99 /* ModelData.swift */,
			);
			path = Model;
			sourceTree = "<group>";
		};
		5CE1C48C2624E2B200AAAB99 /* Resources */ = {
			isa = PBXGroup;
			children = (
				5CE1C48D2624E31D00AAAB99 /* landmarkData.json */,
			);
			path = Resources;
			sourceTree = "<group>";
		};
		5CE1C4A12624F70A00AAAB99 /* Landmarks */ = {
			isa = PBXGroup;
			children = (
				5CE1C4932624E55900AAAB99 /* LandmarkRow.swift */,
				5CE1C4982624E88200AAAB99 /* LandmarkList.swift */,
				5CE1C49B2624EB3600AAAB99 /* LandmarkDetail.swift */,
			);
			path = Landmarks;
			sourceTree = "<group>";
		};
		5CE1C4A22624F71400AAAB99 /* Helpers */ = {
			isa = PBXGroup;
			children = (
				5CE1C49E2624F6A700AAAB99 /* FavoriteButton.swift */,
				5CE1C4842624D38A00AAAB99 /* MapView.swift */,
				5CE1C4812624D22A00AAAB99 /* CircleImage.swift */,
			);
			path = Helpers;
			sourceTree = "<group>";
		};
		5CE1C4A7262505CA00AAAB99 /* Badges */ = {
			isa = PBXGroup;
			children = (
				5CE1C4A42625059C00AAAB99 /* HexagonParameters.swift */,
				5CE1C4A8262506FE00AAAB99 /* BadgeBackground.swift */,
				5CE1C4AC262508F400AAAB99 /* BadgeSymbol.swift */,
				5CE1C4AF26250A0D00AAAB99 /* RotatedBadgeSymbol.swift */,
				5CE1C4B226250A5D00AAAB99 /* Badge.swift */,
			);
			path = Badges;
			sourceTree = "<group>";
		};
/* End PBXGroup section */

/* Begin PBXNativeTarget section */
		5CE1C46D2624CD6F00AAAB99 /* Landmarks */ = {
			isa = PBXNativeTarget;
			buildConfigurationList = 5CE1C47D2624CD7000AAAB99 /* Build configuration list for PBXNativeTarget "Landmarks" */;
			buildPhases = (
				5CE1C46A2624CD6F00AAAB99 /* Sources */,
				5CE1C46B2624CD6F00AAAB99 /* Frameworks */,
				5CE1C46C2624CD6F00AAAB99 /* Resources */,
			);
			buildRules = (
			);
			dependencies = (
			);
			name = Landmarks;
			productName = Landmarks;
			productReference = 5CE1C46E2624CD6F00AAAB99 /* Landmarks.app */;
			productType = "com.apple.product-type.application";
		};
/* End PBXNativeTarget section */

/* Begin PBXProject section */
		5CE1C4662624CD6F00AAAB99 /* Project object */ = {
			isa = PBXProject;
			attributes = {
				LastSwiftUpdateCheck = 1240;
				LastUpgradeCheck = 1240;
				TargetAttributes = {
					5CE1C46D2624CD6F00AAAB99 = {
						CreatedOnToolsVersion = 12.4;
					};
				};
			};
			buildConfigurationList = 5CE1C4692624CD6F00AAAB99 /* Build configuration list for PBXProject "Landmarks" */;
			compatibilityVersion = "Xcode 9.3";
			developmentRegion = en;
			hasScannedForEncodings = 0;
			knownRegions = (
				en,
				Base,
			);
			mainGroup = 5CE1C4652624CD6F00AAAB99;
			productRefGroup = 5CE1C46F2624CD6F00AAAB99 /* Products */;
			projectDirPath = "";
			projectRoot = "";
			targets = (
				5CE1C46D2624CD6F00AAAB99 /* Landmarks */,
			);
		};
/* End PBXProject section */

/* Begin PBXResourcesBuildPhase section */
		5CE1C46C2624CD6F00AAAB99 /* Resources */ = {
			isa = PBXResourcesBuildPhase;
			buildActionMask = 2147483647;
			files = (
				5CE1C4792624CD7000AAAB99 /* Preview Assets.xcassets in Resources */,
				5CE1C4762624CD7000AAAB99 /* Assets.xcassets in Resources */,
				5CE1C48E2624E31D00AAAB99 /* landmarkData.json in Resources */,
			);
			runOnlyForDeploymentPostprocessing = 0;
		};
/* End PBXResourcesBuildPhase section */

/* Begin PBXSourcesBuildPhase section */
		5CE1C46A2624CD6F00AAAB99 /* Sources */ = {
			isa = PBXSourcesBuildPhase;
			buildActionMask = 2147483647;
			files = (
				5CE1C4742624CD6F00AAAB99 /* ContentView.swift in Sources */,
				5CE1C4B326250A5D00AAAB99 /* Badge.swift in Sources */,
				5CE1C4852624D38A00AAAB99 /* MapView.swift in Sources */,
				5CE1C4722624CD6F00AAAB99 /* LandmarksApp.swift in Sources */,
				5CE1C49F2624F6A700AAAB99 /* FavoriteButton.swift in Sources */,
				5CE1C4A52625059C00AAAB99 /* HexagonParameters.swift in Sources */,
				5CE1C4B026250A0D00AAAB99 /* RotatedBadgeSymbol.swift in Sources */,
				5CE1C4AD262508F400AAAB99 /* BadgeSymbol.swift in Sources */,
				5CE1C4992624E88200AAAB99 /* LandmarkList.swift in Sources */,
				5CE1C49C2624EB3600AAAB99 /* LandmarkDetail.swift in Sources */,
				5CE1C4A9262506FE00AAAB99 /* BadgeBackground.swift in Sources */,
				5CE1C4822624D22A00AAAB99 /* CircleImage.swift in Sources */,
				5CE1C4882624E1AD00AAAB99 /* Landmark.swift in Sources */,
				5CE1C4912624E49800AAAB99 /* ModelData.swift in Sources */,
				5CE1C4942624E55900AAAB99 /* LandmarkRow.swift in Sources */,
			);
			runOnlyForDeploymentPostprocessing = 0;
		};
/* End PBXSourcesBuildPhase section */

/* Begin XCBuildConfiguration section */
		5CE1C47B2624CD7000AAAB99 /* Debug */ = {
			isa = XCBuildConfiguration;
			buildSettings = {
				ALWAYS_SEARCH_USER_PATHS = NO;
				CLANG_ANALYZER_NONNULL = YES;
				CLANG_ANALYZER_NUMBER_OBJECT_CONVERSION = YES_AGGRESSIVE;
				CLANG_CXX_LANGUAGE_STANDARD = "gnu++14";
				CLANG_CXX_LIBRARY = "libc++";
				CLANG_ENABLE_MODULES = YES;
				CLANG_ENABLE_OBJC_ARC = YES;
				CLANG_ENABLE_OBJC_WEAK = YES;
				CLANG_WARN_BLOCK_CAPTURE_AUTORELEASING = YES;
				CLANG_WARN_BOOL_CONVERSION = YES;
				CLANG_WARN_COMMA = YES;
				CLANG_WARN_CONSTANT_CONVERSION = YES;
				CLANG_WARN_DEPRECATED_OBJC_IMPLEMENTATIONS = YES;
				CLANG_WARN_DIRECT_OBJC_ISA_USAGE = YES_ERROR;
				CLANG_WARN_DOCUMENTATION_COMMENTS = YES;
				CLANG_WARN_EMPTY_BODY = YES;
				CLANG_WARN_ENUM_CONVERSION = YES;
				CLANG_WARN_INFINITE_RECURSION = YES;
				CLANG_WARN_INT_CONVERSION = YES;
				CLANG_WARN_NON_LITERAL_NULL_CONVERSION = YES;
				CLANG_WARN_OBJC_IMPLICIT_RETAIN_SELF = YES;
				CLANG_WARN_OBJC_LITERAL_CONVERSION = YES;
				CLANG_WARN_OBJC_ROOT_CLASS = YES_ERROR;
				CLANG_WARN_QUOTED_INCLUDE_IN_FRAMEWORK_HEADER = YES;
				CLANG_WARN_RANGE_LOOP_ANALYSIS = YES;
				CLANG_WARN_STRICT_PROTOTYPES = YES;
				CLANG_WARN_SUSPICIOUS_MOVE = YES;
				CLANG_WARN_UNGUARDED_AVAILABILITY = YES_AGGRESSIVE;
				CLANG_WARN_UNREACHABLE_CODE = YES;
				CLANG_WARN__DUPLICATE_METHOD_MATCH = YES;
				COPY_PHASE_STRIP = NO;
				DEBUG_INFORMATION_FORMAT = dwarf;
				ENABLE_STRICT_OBJC_MSGSEND = YES;
				ENABLE_TESTABILITY = YES;
				GCC_C_LANGUAGE_STANDARD = gnu11;
				GCC_DYNAMIC_NO_PIC = NO;
				GCC_NO_COMMON_BLOCKS = YES;
				GCC_OPTIMIZATION_LEVEL = 0;
				GCC_PREPROCESSOR_DEFINITIONS = (
					"DEBUG=1",
					"$(inherited)",
				);
				GCC_WARN_64_TO_32_BIT_CONVERSION = YES;
				GCC_WARN_ABOUT_RETURN_TYPE = YES_ERROR;
				GCC_WARN_UNDECLARED_SELECTOR = YES;
				GCC_WARN_UNINITIALIZED_AUTOS = YES_AGGRESSIVE;
				GCC_WARN_UNUSED_FUNCTION = YES;
				GCC_WARN_UNUSED_VARIABLE = YES;
				IPHONEOS_DEPLOYMENT_TARGET = 14.4;
				MTL_ENABLE_DEBUG_INFO = INCLUDE_SOURCE;
				MTL_FAST_MATH = YES;
				ONLY_ACTIVE_ARCH = YES;
				SDKROOT = iphoneos;
				SWIFT_ACTIVE_COMPILATION_CONDITIONS = DEBUG;
				SWIFT_OPTIMIZATION_LEVEL = "-Onone";
			};
			name = Debug;
		};
		5CE1C47C2624CD7000AAAB99 /* Release */ = {
			isa = XCBuildConfiguration;
			buildSettings = {
				ALWAYS_SEARCH_USER_PATHS = NO;
				CLANG_ANALYZER_NONNULL = YES;
				CLANG_ANALYZER_NUMBER_OBJECT_CONVERSION = YES_AGGRESSIVE;
				CLANG_CXX_LANGUAGE_STANDARD = "gnu++14";
				CLANG_CXX_LIBRARY = "libc++";
				CLANG_ENABLE_MODULES = YES;
				CLANG_ENABLE_OBJC_ARC = YES;
				CLANG_ENABLE_OBJC_WEAK = YES;
				CLANG_WARN_BLOCK_CAPTURE_AUTORELEASING = YES;
				CLANG_WARN_BOOL_CONVERSION = YES;
				CLANG_WARN_COMMA = YES;
				CLANG_WARN_CONSTANT_CONVERSION = YES;
				CLANG_WARN_DEPRECATED_OBJC_IMPLEMENTATIONS = YES;
				CLANG_WARN_DIRECT_OBJC_ISA_USAGE = YES_ERROR;
				CLANG_WARN_DOCUMENTATION_COMMENTS = YES;
				CLANG_WARN_EMPTY_BODY = YES;
				CLANG_WARN_ENUM_CONVERSION = YES;
				CLANG_WARN_INFINITE_RECURSION = YES;
				CLANG_WARN_INT_CONVERSION = YES;
				CLANG_WARN_NON_LITERAL_NULL_CONVERSION = YES;
				CLANG_WARN_OBJC_IMPLICIT_RETAIN_SELF = YES;
				CLANG_WARN_OBJC_LITERAL_CONVERSION = YES;
				CLANG_WARN_OBJC_ROOT_CLASS = YES_ERROR;
				CLANG_WARN_QUOTED_INCLUDE_IN_FRAMEWORK_HEADER = YES;
				CLANG_WARN_RANGE_LOOP_ANALYSIS = YES;
				CLANG_WARN_STRICT_PROTOTYPES = YES;
				CLANG_WARN_SUSPICIOUS_MOVE = YES;
				CLANG_WARN_UNGUARDED_AVAILABILITY = YES_AGGRESSIVE;
				CLANG_WARN_UNREACHABLE_CODE = YES;
				CLANG_WARN__DUPLICATE_METHOD_MATCH = YES;
				COPY_PHASE_STRIP = NO;
				DEBUG_INFORMATION_FORMAT = "dwarf-with-dsym";
				ENABLE_NS_ASSERTIONS = NO;
				ENABLE_STRICT_OBJC_MSGSEND = YES;
				GCC_C_LANGUAGE_STANDARD = gnu11;
				GCC_NO_COMMON_BLOCKS = YES;
				GCC_WARN_64_TO_32_BIT_CONVERSION = YES;
				GCC_WARN_ABOUT_RETURN_TYPE = YES_ERROR;
				GCC_WARN_UNDECLARED_SELECTOR = YES;
				GCC_WARN_UNINITIALIZED_AUTOS = YES_AGGRESSIVE;
				GCC_WARN_UNUSED_FUNCTION = YES;
				GCC_WARN_UNUSED_VARIABLE = YES;
				IPHONEOS_DEPLOYMENT_TARGET = 14.4;
				MTL_ENABLE_DEBUG_INFO = NO;
				MTL_FAST_MATH = YES;
				SDKROOT = iphoneos;
				SWIFT_COMPILATION_MODE = wholemodule;
				SWIFT_OPTIMIZATION_LEVEL = "-O";
				VALIDATE_PRODUCT = YES;
			};
			name = Release;
		};
		5CE1C47E2624CD7000AAAB99 /* Debug */ = {
			isa = XCBuildConfiguration;
			buildSettings = {
				ASSETCATALOG_COMPILER_APPICON_NAME = AppIcon;
				ASSETCATALOG_COMPILER_GLOBAL_ACCENT_COLOR_NAME = AccentColor;
				CODE_SIGN_STYLE = Automatic;
				DEVELOPMENT_ASSET_PATHS = "\"Landmarks/Preview Content\"";
				ENABLE_PREVIEWS = YES;
				INFOPLIST_FILE = Landmarks/Info.plist;
				IPHONEOS_DEPLOYMENT_TARGET = 14.0;
				LD_RUNPATH_SEARCH_PATHS = (
					"$(inherited)",
					"@executable_path/Frameworks",
				);
				PRODUCT_BUNDLE_IDENTIFIER = brie.Landmarks;
				PRODUCT_NAME = "$(TARGET_NAME)";
				SWIFT_VERSION = 5.0;
				TARGETED_DEVICE_FAMILY = "1,2";
			};
			name = Debug;
		};
		5CE1C47F2624CD7000AAAB99 /* Release */ = {
			isa = XCBuildConfiguration;
			buildSettings = {
				ASSETCATALOG_COMPILER_APPICON_NAME = AppIcon;
				ASSETCATALOG_COMPILER_GLOBAL_ACCENT_COLOR_NAME = AccentColor;
				CODE_SIGN_STYLE = Automatic;
				DEVELOPMENT_ASSET_PATHS = "\"Landmarks/Preview Content\"";
				ENABLE_PREVIEWS = YES;
				INFOPLIST_FILE = Landmarks/Info.plist;
				IPHONEOS_DEPLOYMENT_TARGET = 14.0;
				LD_RUNPATH_SEARCH_PATHS = (
					"$(inherited)",
					"@executable_path/Frameworks",
				);
				PRODUCT_BUNDLE_IDENTIFIER = brie.Landmarks;
				PRODUCT_NAME = "$(TARGET_NAME)";
				SWIFT_VERSION = 5.0;
				TARGETED_DEVICE_FAMILY = "1,2";
			};
			name = Release;
		};
/* End XCBuildConfiguration section */

/* Begin XCConfigurationList section */
		5CE1C4692624CD6F00AAAB99 /* Build configuration list for PBXProject "Landmarks" */ = {
			isa = XCConfigurationList;
			buildConfigurations = (
				5CE1C47B2624CD7000AAAB99 /* Debug */,
				5CE1C47C2624CD7000AAAB99 /* Release */,
			);
			defaultConfigurationIsVisible = 0;
			defaultConfigurationName = Release;
		};
		5CE1C47D2624CD7000AAAB99 /* Build configuration list for PBXNativeTarget "Landmarks" */ = {
			isa = XCConfigurationList;
			buildConfigurations = (
				5CE1C47E2624CD7000AAAB99 /* Debug */,
				5CE1C47F2624CD7000AAAB99 /* Release */,
			);
			defaultConfigurationIsVisible = 0;
			defaultConfigurationName = Release;
		};
/* End XCConfigurationList section */
	};
	rootObject = 5CE1C4662624CD6F00AAAB99 /* Project object */;
}
